hash: a5373d6dea5bf63d616eb410883e8e0aa5ad2ab58b96007afca11b3dadc7b2f0
updated: 2017-11-17T17:53:57.141475+01:00
imports:
- name: github.com/davecgh/go-spew
  version: 6d212800a42e8ab5c146b8ace3490ee17e5225f9
  subpackages:
  - spew
- name: github.com/pmezard/go-difflib
  version: d8ed2627bdf02c080bf22230dbb337003b7aba2d
  subpackages:
  - difflib
- name: github.com/stretchr/objx
  version: cbeaeb16a013161a98496fad62933b1d21786672
- name: github.com/stretchr/testify
  version: 69483b4bd14f5845b5a1e55bca19e954e827f1d0
  subpackages:
  - assert
  - mock
  - require
  - suite
- name: golang.org/x/tools
  version: 6220cba6419b2bf78aad19d85c347ecc0fda2b53
  subpackages:
  - go/ast/astutil
  - go/buildutil
  - go/loader
  - imports
testImports: []
