# This file is autogenerated, do not edit; changes may be undone by the next 'dep ensure'.


[[projects]]
  name = "github.com/davecgh/go-spew"
  packages = ["spew"]
  revision = "6d212800a42e8ab5c146b8ace3490ee17e5225f9"

[[projects]]
  name = "github.com/pmezard/go-difflib"
  packages = ["difflib"]
  revision = "d8ed2627bdf02c080bf22230dbb337003b7aba2d"

[[projects]]
  name = "github.com/stretchr/objx"
  packages = ["."]
  revision = "cbeaeb16a013161a98496fad62933b1d21786672"

[[projects]]
  name = "github.com/stretchr/testify"
  packages = ["assert","mock","require","suite"]
  revision = "69483b4bd14f5845b5a1e55bca19e954e827f1d0"
  version = "v1.1.4"

[[projects]]
  branch = "master"
  name = "golang.org/x/tools"
  packages = ["go/ast/astutil","go/buildutil","go/loader","imports"]
  revision = "6d70fb2e85323e81c89374331d3d2b93304faa36"

[solve-meta]
  analyzer-name = "dep"
  analyzer-version = 1
  inputs-digest = "2832ffd3e356e9704d115dc0dae4d6d3f0de857dc8acf1909a5b203e3570893d"
  solver-name = "gps-cdcl"
  solver-version = 1
